// !$*UTF8*$!
{
	archiveVersion = 1;
	classes = {
	};
	objectVersion = 50;
	objects = {

/* Begin PBXBuildFile section */
		CF2249CB20DA5637007DC96C /* AppDelegate.swift in Sources */ = {isa = PBXBuildFile; fileRef = CF2249CA20DA5637007DC96C /* AppDelegate.swift */; };
		CF2249CD20DA5637007DC96C /* GameScene.sks in Resources */ = {isa = PBXBuildFile; fileRef = CF2249CC20DA5637007DC96C /* GameScene.sks */; };
		CF2249CF20DA5637007DC96C /* Actions.sks in Resources */ = {isa = PBXBuildFile; fileRef = CF2249CE20DA5637007DC96C /* Actions.sks */; };
		CF2249D120DA5637007DC96C /* GameScene.swift in Sources */ = {isa = PBXBuildFile; fileRef = CF2249D020DA5637007DC96C /* GameScene.swift */; };
		CF2249D320DA5637007DC96C /* GameViewController.swift in Sources */ = {isa = PBXBuildFile; fileRef = CF2249D220DA5637007DC96C /* GameViewController.swift */; };
		CF2249D620DA5637007DC96C /* Main.storyboard in Resources */ = {isa = PBXBuildFile; fileRef = CF2249D420DA5637007DC96C /* Main.storyboard */; };
		CF2249D820DA5638007DC96C /* Assets.xcassets in Resources */ = {isa = PBXBuildFile; fileRef = CF2249D720DA5638007DC96C /* Assets.xcassets */; };
		CF2249DB20DA5638007DC96C /* LaunchScreen.storyboard in Resources */ = {isa = PBXBuildFile; fileRef = CF2249D920DA5638007DC96C /* LaunchScreen.storyboard */; };
		CF2249E320DA586E007DC96C /* GameElements.swift in Sources */ = {isa = PBXBuildFile; fileRef = CF2249E220DA586E007DC96C /* GameElements.swift */; };
		CF2249E920DA607F007DC96C /* player.atlas in Resources */ = {isa = PBXBuildFile; fileRef = CF2249E820DA607F007DC96C /* player.atlas */; };
		CFB0BCA320DD0C1A001971DA /* CoinSound.mp3 in Resources */ = {isa = PBXBuildFile; fileRef = CFB0BCA220DD0C1A001971DA /* CoinSound.mp3 */; };
/* End PBXBuildFile section */

/* Begin PBXFileReference section */
		CF2249C720DA5637007DC96C /* FlappyFat.app */ = {isa = PBXFileReference; explicitFileType = wrapper.application; includeInIndex = 0; path = FlappyFat.app; sourceTree = BUILT_PRODUCTS_DIR; };
		CF2249CA20DA5637007DC96C /* AppDelegate.swift */ = {isa = PBXFileReference; lastKnownFileType = sourcecode.swift; path = AppDelegate.swift; sourceTree = "<group>"; };
		CF2249CC20DA5637007DC96C /* GameScene.sks */ = {isa = PBXFileReference; lastKnownFileType = file.sks; path = GameScene.sks; sourceTree = "<group>"; };
		CF2249CE20DA5637007DC96C /* Actions.sks */ = {isa = PBXFileReference; lastKnownFileType = file.sks; path = Actions.sks; sourceTree = "<group>"; };
		CF2249D020DA5637007DC96C /* GameScene.swift */ = {isa = PBXFileReference; lastKnownFileType = sourcecode.swift; path = GameScene.swift; sourceTree = "<group>"; };
		CF2249D220DA5637007DC96C /* GameViewController.swift */ = {isa = PBXFileReference; lastKnownFileType = sourcecode.swift; path = GameViewController.swift; sourceTree = "<group>"; };
		CF2249D520DA5637007DC96C /* Base */ = {isa = PBXFileReference; lastKnownFileType = file.storyboard; name = Base; path = Base.lproj/Main.storyboard; sourceTree = "<group>"; };
		CF2249D720DA5638007DC96C /* Assets.xcassets */ = {isa = PBXFileReference; lastKnownFileType = folder.assetcatalog; path = Assets.xcassets; sourceTree = "<group>"; };
		CF2249DA20DA5638007DC96C /* Base */ = {isa = PBXFileReference; lastKnownFileType = file.storyboard; name = Base; path = Base.lproj/LaunchScreen.storyboard; sourceTree = "<group>"; };
		CF2249DC20DA5638007DC96C /* Info.plist */ = {isa = PBXFileReference; lastKnownFileType = text.plist.xml; path = Info.plist; sourceTree = "<group>"; };
		CF2249E220DA586E007DC96C /* GameElements.swift */ = {isa = PBXFileReference; lastKnownFileType = sourcecode.swift; path = GameElements.swift; sourceTree = "<group>"; };
		CF2249E820DA607F007DC96C /* player.atlas */ = {isa = PBXFileReference; lastKnownFileType = folder.skatlas; path = player.atlas; sourceTree = "<group>"; };
		CFB0BCA220DD0C1A001971DA /* CoinSound.mp3 */ = {isa = PBXFileReference; lastKnownFileType = audio.mp3; path = CoinSound.mp3; sourceTree = "<group>"; };
/* End PBXFileReference section */

/* Begin PBXFrameworksBuildPhase section */
		CF2249C420DA5637007DC96C /* Frameworks */ = {
			isa = PBXFrameworksBuildPhase;
			buildActionMask = 2147483647;
			files = (
			);
			runOnlyForDeploymentPostprocessing = 0;
		};
/* End PBXFrameworksBuildPhase section */

/* Begin PBXGroup section */
		CF2249BE20DA5637007DC96C = {
			isa = PBXGroup;
			children = (
				CF2249C920DA5637007DC96C /* FlappyFat */,
				CF2249C820DA5637007DC96C /* Products */,
			);
			sourceTree = "<group>";
		};
		CF2249C820DA5637007DC96C /* Products */ = {
			isa = PBXGroup;
			children = (
				CF2249C720DA5637007DC96C /* FlappyFat.app */,
			);
			name = Products;
			sourceTree = "<group>";
		};
		CF2249C920DA5637007DC96C /* FlappyFat */ = {
			isa = PBXGroup;
			children = (
				CF2249CA20DA5637007DC96C /* AppDelegate.swift */,
				CF2249CC20DA5637007DC96C /* GameScene.sks */,
				CF2249CE20DA5637007DC96C /* Actions.sks */,
				CF2249D020DA5637007DC96C /* GameScene.swift */,
				CF2249D220DA5637007DC96C /* GameViewController.swift */,
				CF2249E220DA586E007DC96C /* GameElements.swift */,
				CF2249D420DA5637007DC96C /* Main.storyboard */,
				CF2249D720DA5638007DC96C /* Assets.xcassets */,
				CF2249D920DA5638007DC96C /* LaunchScreen.storyboard */,
				CF2249DC20DA5638007DC96C /* Info.plist */,
				CFB0BCA220DD0C1A001971DA /* CoinSound.mp3 */,
				CF2249E820DA607F007DC96C /* player.atlas */,
			);
			path = FlappyFat;
			sourceTree = "<group>";
		};
/* End PBXGroup section */

/* Begin PBXNativeTarget section */
		CF2249C620DA5637007DC96C /* FlappyFat */ = {
			isa = PBXNativeTarget;
			buildConfigurationList = CF2249DF20DA5638007DC96C /* Build configuration list for PBXNativeTarget "FlappyFat" */;
			buildPhases = (
				CF2249C320DA5637007DC96C /* Sources */,
				CF2249C420DA5637007DC96C /* Frameworks */,
				CF2249C520DA5637007DC96C /* Resources */,
			);
			buildRules = (
			);
			dependencies = (
			);
			name = FlappyFat;
			productName = FlappyFat;
			productReference = CF2249C720DA5637007DC96C /* FlappyFat.app */;
			productType = "com.apple.product-type.application";
		};
/* End PBXNativeTarget section */

/* Begin PBXProject section */
		CF2249BF20DA5637007DC96C /* Project object */ = {
			isa = PBXProject;
			attributes = {
				LastSwiftUpdateCheck = 0940;
				LastUpgradeCheck = 0940;
				ORGANIZATIONNAME = Oleginc;
				TargetAttributes = {
					CF2249C620DA5637007DC96C = {
						CreatedOnToolsVersion = 9.4;
					};
				};
			};
			buildConfigurationList = CF2249C220DA5637007DC96C /* Build configuration list for PBXProject "FlappyFat" */;
			compatibilityVersion = "Xcode 9.3";
			developmentRegion = en;
			hasScannedForEncodings = 0;
			knownRegions = (
				en,
				Base,
			);
			mainGroup = CF2249BE20DA5637007DC96C;
			productRefGroup = CF2249C820DA5637007DC96C /* Products */;
			projectDirPath = "";
			projectRoot = "";
			targets = (
				CF2249C620DA5637007DC96C /* FlappyFat */,
			);
		};
/* End PBXProject section */

/* Begin PBXResourcesBuildPhase section */
		CF2249C520DA5637007DC96C /* Resources */ = {
			isa = PBXResourcesBuildPhase;
			buildActionMask = 2147483647;
			files = (
				CFB0BCA320DD0C1A001971DA /* CoinSound.mp3 in Resources */,
				CF2249D620DA5637007DC96C /* Main.storyboard in Resources */,
				CF2249CD20DA5637007DC96C /* GameScene.sks in Resources */,
				CF2249D820DA5638007DC96C /* Assets.xcassets in Resources */,
				CF2249E920DA607F007DC96C /* player.atlas in Resources */,
				CF2249DB20DA5638007DC96C /* LaunchScreen.storyboard in Resources */,
				CF2249CF20DA5637007DC96C /* Actions.sks in Resources */,
			);
			runOnlyForDeploymentPostprocessing = 0;
		};
/* End PBXResourcesBuildPhase section */

/* Begin PBXSourcesBuildPhase section */
		CF2249C320DA5637007DC96C /* Sources */ = {
			isa = PBXSourcesBuildPhase;
			buildActionMask = 2147483647;
			files = (
				CF2249E320DA586E007DC96C /* GameElements.swift in Sources */,
				CF2249D120DA5637007DC96C /* GameScene.swift in Sources */,
				CF2249D320DA5637007DC96C /* GameViewController.swift in Sources */,
				CF2249CB20DA5637007DC96C /* AppDelegate.swift in Sources */,
			);
			runOnlyForDeploymentPostprocessing = 0;
		};
/* End PBXSourcesBuildPhase section */

/* Begin PBXVariantGroup section */
		CF2249D420DA5637007DC96C /* Main.storyboard */ = {
			isa = PBXVariantGroup;
			children = (
				CF2249D520DA5637007DC96C /* Base */,
			);
			name = Main.storyboard;
			sourceTree = "<group>";
		};
		CF2249D920DA5638007DC96C /* LaunchScreen.storyboard */ = {
			isa = PBXVariantGroup;
			children = (
				CF2249DA20DA5638007DC96C /* Base */,
			);
			name = LaunchScreen.storyboard;
			sourceTree = "<group>";
		};
/* End PBXVariantGroup section */

/* Begin XCBuildConfiguration section */
		CF2249DD20DA5638007DC96C /* Debug */ = {
			isa = XCBuildConfiguration;
			buildSettings = {
				ALWAYS_SEARCH_USER_PATHS = NO;
				CLANG_ANALYZER_NONNULL = YES;
				CLANG_ANALYZER_NUMBER_OBJECT_CONVERSION = YES_AGGRESSIVE;
				CLANG_CXX_LANGUAGE_STANDARD = "gnu++14";
				CLANG_CXX_LIBRARY = "libc++";
				CLANG_ENABLE_MODULES = YES;
				CLANG_ENABLE_OBJC_ARC = YES;
				CLANG_ENABLE_OBJC_WEAK = YES;
				CLANG_WARN_BLOCK_CAPTURE_AUTORELEASING = YES;
				CLANG_WARN_BOOL_CONVERSION = YES;
				CLANG_WARN_COMMA = YES;
				CLANG_WARN_CONSTANT_CONVERSION = YES;
				CLANG_WARN_DEPRECATED_OBJC_IMPLEMENTATIONS = YES;
				CLANG_WARN_DIRECT_OBJC_ISA_USAGE = YES_ERROR;
				CLANG_WARN_DOCUMENTATION_COMMENTS = YES;
				CLANG_WARN_EMPTY_BODY = YES;
				CLANG_WARN_ENUM_CONVERSION = YES;
				CLANG_WARN_INFINITE_RECURSION = YES;
				CLANG_WARN_INT_CONVERSION = YES;
				CLANG_WARN_NON_LITERAL_NULL_CONVERSION = YES;
				CLANG_WARN_OBJC_IMPLICIT_RETAIN_SELF = YES;
				CLANG_WARN_OBJC_LITERAL_CONVERSION = YES;
				CLANG_WARN_OBJC_ROOT_CLASS = YES_ERROR;
				CLANG_WARN_RANGE_LOOP_ANALYSIS = YES;
				CLANG_WARN_STRICT_PROTOTYPES = YES;
				CLANG_WARN_SUSPICIOUS_MOVE = YES;
				CLANG_WARN_UNGUARDED_AVAILABILITY = YES_AGGRESSIVE;
				CLANG_WARN_UNREACHABLE_CODE = YES;
				CLANG_WARN__DUPLICATE_METHOD_MATCH = YES;
				CODE_SIGN_IDENTITY = "iPhone Developer";
				COPY_PHASE_STRIP = NO;
				DEBUG_INFORMATION_FORMAT = dwarf;
				ENABLE_STRICT_OBJC_MSGSEND = YES;
				ENABLE_TESTABILITY = YES;
				GCC_C_LANGUAGE_STANDARD = gnu11;
				GCC_DYNAMIC_NO_PIC = NO;
				GCC_NO_COMMON_BLOCKS = YES;
				GCC_OPTIMIZATION_LEVEL = 0;
				GCC_PREPROCESSOR_DEFINITIONS = (
					"DEBUG=1",
					"$(inherited)",
				);
				GCC_WARN_64_TO_32_BIT_CONVERSION = YES;
				GCC_WARN_ABOUT_RETURN_TYPE = YES_ERROR;
				GCC_WARN_UNDECLARED_SELECTOR = YES;
				GCC_WARN_UNINITIALIZED_AUTOS = YES_AGGRESSIVE;
				GCC_WARN_UNUSED_FUNCTION = YES;
				GCC_WARN_UNUSED_VARIABLE = YES;
				IPHONEOS_DEPLOYMENT_TARGET = 11.4;
				MTL_ENABLE_DEBUG_INFO = YES;
				ONLY_ACTIVE_ARCH = YES;
				SDKROOT = iphoneos;
				SWIFT_ACTIVE_COMPILATION_CONDITIONS = DEBUG;
				SWIFT_OPTIMIZATION_LEVEL = "-Onone";
			};
			name = Debug;
		};
		CF2249DE20DA5638007DC96C /* Release */ = {
			isa = XCBuildConfiguration;
			buildSettings = {
				ALWAYS_SEARCH_USER_PATHS = NO;
				CLANG_ANALYZER_NONNULL = YES;
				CLANG_ANALYZER_NUMBER_OBJECT_CONVERSION = YES_AGGRESSIVE;
				CLANG_CXX_LANGUAGE_STANDARD = "gnu++14";
				CLANG_CXX_LIBRARY = "libc++";
				CLANG_ENABLE_MODULES = YES;
				CLANG_ENABLE_OBJC_ARC = YES;
				CLANG_ENABLE_OBJC_WEAK = YES;
				CLANG_WARN_BLOCK_CAPTURE_AUTORELEASING = YES;
				CLANG_WARN_BOOL_CONVERSION = YES;
				CLANG_WARN_COMMA = YES;
				CLANG_WARN_CONSTANT_CONVERSION = YES;
				CLANG_WARN_DEPRECATED_OBJC_IMPLEMENTATIONS = YES;
				CLANG_WARN_DIRECT_OBJC_ISA_USAGE = YES_ERROR;
				CLANG_WARN_DOCUMENTATION_COMMENTS = YES;
				CLANG_WARN_EMPTY_BODY = YES;
				CLANG_WARN_ENUM_CONVERSION = YES;
				CLANG_WARN_INFINITE_RECURSION = YES;
				CLANG_WARN_INT_CONVERSION = YES;
				CLANG_WARN_NON_LITERAL_NULL_CONVERSION = YES;
				CLANG_WARN_OBJC_IMPLICIT_RETAIN_SELF = YES;
				CLANG_WARN_OBJC_LITERAL_CONVERSION = YES;
				CLANG_WARN_OBJC_ROOT_CLASS = YES_ERROR;
				CLANG_WARN_RANGE_LOOP_ANALYSIS = YES;
				CLANG_WARN_STRICT_PROTOTYPES = YES;
				CLANG_WARN_SUSPICIOUS_MOVE = YES;
				CLANG_WARN_UNGUARDED_AVAILABILITY = YES_AGGRESSIVE;
				CLANG_WARN_UNREACHABLE_CODE = YES;
				CLANG_WARN__DUPLICATE_METHOD_MATCH = YES;
				CODE_SIGN_IDENTITY = "iPhone Developer";
				COPY_PHASE_STRIP = NO;
				DEBUG_INFORMATION_FORMAT = "dwarf-with-dsym";
				ENABLE_NS_ASSERTIONS = NO;
				ENABLE_STRICT_OBJC_MSGSEND = YES;
				GCC_C_LANGUAGE_STANDARD = gnu11;
				GCC_NO_COMMON_BLOCKS = YES;
				GCC_WARN_64_TO_32_BIT_CONVERSION = YES;
				GCC_WARN_ABOUT_RETURN_TYPE = YES_ERROR;
				GCC_WARN_UNDECLARED_SELECTOR = YES;
				GCC_WARN_UNINITIALIZED_AUTOS = YES_AGGRESSIVE;
				GCC_WARN_UNUSED_FUNCTION = YES;
				GCC_WARN_UNUSED_VARIABLE = YES;
				IPHONEOS_DEPLOYMENT_TARGET = 11.4;
				MTL_ENABLE_DEBUG_INFO = NO;
				SDKROOT = iphoneos;
				SWIFT_COMPILATION_MODE = wholemodule;
				SWIFT_OPTIMIZATION_LEVEL = "-O";
				VALIDATE_PRODUCT = YES;
			};
			name = Release;
		};
		CF2249E020DA5638007DC96C /* Debug */ = {
			isa = XCBuildConfiguration;
			buildSettings = {
				ASSETCATALOG_COMPILER_APPICON_NAME = AppIcon;
				CODE_SIGN_STYLE = Automatic;
				DEVELOPMENT_TEAM = G62NMGFRS3;
				INFOPLIST_FILE = FlappyFat/Info.plist;
				LD_RUNPATH_SEARCH_PATHS = (
					"$(inherited)",
					"@executable_path/Frameworks",
				);
				PRODUCT_BUNDLE_IDENTIFIER = OGI.FlappyFat;
				PRODUCT_NAME = "$(TARGET_NAME)";
				SWIFT_VERSION = 4.0;
				TARGETED_DEVICE_FAMILY = "1,2";
			};
			name = Debug;
		};
		CF2249E120DA5638007DC96C /* Release */ = {
			isa = XCBuildConfiguration;
			buildSettings = {
				ASSETCATALOG_COMPILER_APPICON_NAME = AppIcon;
				CODE_SIGN_STYLE = Automatic;
				DEVELOPMENT_TEAM = G62NMGFRS3;
				INFOPLIST_FILE = FlappyFat/Info.plist;
				LD_RUNPATH_SEARCH_PATHS = (
					"$(inherited)",
					"@executable_path/Frameworks",
				);
				PRODUCT_BUNDLE_IDENTIFIER = OGI.FlappyFat;
				PRODUCT_NAME = "$(TARGET_NAME)";
				SWIFT_VERSION = 4.0;
				TARGETED_DEVICE_FAMILY = "1,2";
			};
			name = Release;
		};
/* End XCBuildConfiguration section */

/* Begin XCConfigurationList section */
		CF2249C220DA5637007DC96C /* Build configuration list for PBXProject "FlappyFat" */ = {
			isa = XCConfigurationList;
			buildConfigurations = (
				CF2249DD20DA5638007DC96C /* Debug */,
				CF2249DE20DA5638007DC96C /* Release */,
			);
			defaultConfigurationIsVisible = 0;
			defaultConfigurationName = Release;
		};
		CF2249DF20DA5638007DC96C /* Build configuration list for PBXNativeTarget "FlappyFat" */ = {
			isa = XCConfigurationList;
			buildConfigurations = (
				CF2249E020DA5638007DC96C /* Debug */,
				CF2249E120DA5638007DC96C /* Release */,
			);
			defaultConfigurationIsVisible = 0;
			defaultConfigurationName = Release;
		};
/* End XCConfigurationList section */
	};
	rootObject = CF2249BF20DA5637007DC96C /* Project object */;
}
